
Microsoft Visual Studio Solution File, Format Version 12.00
# Visual Studio Version 17
VisualStudioVersion = 17.1.32319.34
MinimumVisualStudioVersion = 10.0.40219.1
Project("{9A19103F-16F7-4668-BE54-9A1E7A4F7556}") = "Entities", "Entities\Entities.csproj", "{82AF4A09-0F59-48AB-B7AB-17A90940AD7F}"
EndProject
Project("{9A19103F-16F7-4668-BE54-9A1E7A4F7556}") = "DataAccess", "DataAccess\DataAccess.csproj", "{805DCE0D-5891-4BDC-B732-1D02D8E9D10F}"
EndProject
Project("{9A19103F-16F7-4668-BE54-9A1E7A4F7556}") = "Business", "Business\Business.csproj", "{1E5B3233-C7A8-483B-9A21-91B46ABBD4C1}"
EndProject
Project("{9A19103F-16F7-4668-BE54-9A1E7A4F7556}") = "Core", "Core\Core.csproj", "{51376139-E6A8-4AC2-AAAA-1F71CE16BB4E}"
EndProject
Project("{FAE04EC0-301F-11D3-BF4B-00C04F79EFBC}") = "CoreWebUI", "CoreWebUI\CoreWebUI.csproj", "{E42AD459-21EF-4B95-9FDD-E194E05A3B95}"
EndProject
Global
	GlobalSection(SolutionConfigurationPlatforms) = preSolution
		Debug|Any CPU = Debug|Any CPU
		Release|Any CPU = Release|Any CPU
	EndGlobalSection
	GlobalSection(ProjectConfigurationPlatforms) = postSolution
		{82AF4A09-0F59-48AB-B7AB-17A90940AD7F}.Debug|Any CPU.ActiveCfg = Debug|Any CPU
		{82AF4A09-0F59-48AB-B7AB-17A90940AD7F}.Debug|Any CPU.Build.0 = Debug|Any CPU
		{82AF4A09-0F59-48AB-B7AB-17A90940AD7F}.Release|Any CPU.ActiveCfg = Release|Any CPU
		{82AF4A09-0F59-48AB-B7AB-17A90940AD7F}.Release|Any CPU.Build.0 = Release|Any CPU
		{805DCE0D-5891-4BDC-B732-1D02D8E9D10F}.Debug|Any CPU.ActiveCfg = Debug|Any CPU
		{805DCE0D-5891-4BDC-B732-1D02D8E9D10F}.Debug|Any CPU.Build.0 = Debug|Any CPU
		{805DCE0D-5891-4BDC-B732-1D02D8E9D10F}.Release|Any CPU.ActiveCfg = Release|Any CPU
		{805DCE0D-5891-4BDC-B732-1D02D8E9D10F}.Release|Any CPU.Build.0 = Release|Any CPU
		{1E5B3233-C7A8-483B-9A21-91B46ABBD4C1}.Debug|Any CPU.ActiveCfg = Debug|Any CPU
		{1E5B3233-C7A8-483B-9A21-91B46ABBD4C1}.Debug|Any CPU.Build.0 = Debug|Any CPU
		{1E5B3233-C7A8-483B-9A21-91B46ABBD4C1}.Release|Any CPU.ActiveCfg = Release|Any CPU
		{1E5B3233-C7A8-483B-9A21-91B46ABBD4C1}.Release|Any CPU.Build.0 = Release|Any CPU
		{51376139-E6A8-4AC2-AAAA-1F71CE16BB4E}.Debug|Any CPU.ActiveCfg = Debug|Any CPU
		{51376139-E6A8-4AC2-AAAA-1F71CE16BB4E}.Debug|Any CPU.Build.0 = Debug|Any CPU
		{51376139-E6A8-4AC2-AAAA-1F71CE16BB4E}.Release|Any CPU.ActiveCfg = Release|Any CPU
		{51376139-E6A8-4AC2-AAAA-1F71CE16BB4E}.Release|Any CPU.Build.0 = Release|Any CPU
		{E42AD459-21EF-4B95-9FDD-E194E05A3B95}.Debug|Any CPU.ActiveCfg = Debug|Any CPU
		{E42AD459-21EF-4B95-9FDD-E194E05A3B95}.Debug|Any CPU.Build.0 = Debug|Any CPU
		{E42AD459-21EF-4B95-9FDD-E194E05A3B95}.Release|Any CPU.ActiveCfg = Release|Any CPU
		{E42AD459-21EF-4B95-9FDD-E194E05A3B95}.Release|Any CPU.Build.0 = Release|Any CPU
	EndGlobalSection
	GlobalSection(SolutionProperties) = preSolution
		HideSolutionNode = FALSE
	EndGlobalSection
	GlobalSection(ExtensibilityGlobals) = postSolution
		SolutionGuid = {BE33611D-FD25-4666-9BDE-86990F4CEB50}
	EndGlobalSection
EndGlobal
